
Microsoft Visual Studio Solution File, Format Version 12.00
# Visual Studio Version 17
VisualStudioVersion = 17.9.34728.123
MinimumVisualStudioVersion = 10.0.40219.1
Project("{FAE04EC0-301F-11D3-BF4B-00C04F79EFBC}") = "WpfApp1", "WpfApp1\WpfApp1.csproj", "{FD3C9E97-661B-427F-95B4-C445431CFF58}"
EndProject
Global
	GlobalSection(SolutionConfigurationPlatforms) = preSolution
		Debug|Any CPU = Debug|Any CPU
		Release|Any CPU = Release|Any CPU
	EndGlobalSection
	GlobalSection(ProjectConfigurationPlatforms) = postSolution
		{FD3C9E97-661B-427F-95B4-C445431CFF58}.Debug|Any CPU.ActiveCfg = Debug|Any CPU
		{FD3C9E97-661B-427F-95B4-C445431CFF58}.Debug|Any CPU.Build.0 = Debug|Any CPU
		{FD3C9E97-661B-427F-95B4-C445431CFF58}.Release|Any CPU.ActiveCfg = Release|Any CPU
		{FD3C9E97-661B-427F-95B4-C445431CFF58}.Release|Any CPU.Build.0 = Release|Any CPU
	EndGlobalSection
	GlobalSection(SolutionProperties) = preSolution
		HideSolutionNode = FALSE
	EndGlobalSection
	GlobalSection(ExtensibilityGlobals) = postSolution
		SolutionGuid = {FB627F4B-891C-46A9-BE57-10A9DC3C518E}
	EndGlobalSection
EndGlobal
